# This file is autogenerated, do not edit; changes may be undone by the next 'dep ensure'.


[[projects]]
  name = "github.com/julienschmidt/httprouter"
  packages = ["."]
  revision = "8c199fb6259ffc1af525cc3ad52ee60ba8359669"
  version = "v1.1"

[[projects]]
  name = "github.com/rlmcpherson/s3gof3r"
  packages = ["."]
  revision = "31603a0dc94aefb822bfe2ceea75a6be6013b445"
  version = "v0.5.0"

[[projects]]
  name = "gopkg.in/h2non/bimg.v1"
  packages = ["."]
  revision = "02e621739c77c791d8c153f240b7a1f75b07816f"
  version = "v1.0.18"

[solve-meta]
  analyzer-name = "dep"
  analyzer-version = 1
  inputs-digest = "b17e3aecd53e588898bbd70f6c1a18c542c36d01b9bc1a1139f93f81f6a5e329"
  solver-name = "gps-cdcl"
  solver-version = 1
